
Microsoft Visual Studio Solution File, Format Version 12.00
# Visual Studio 15
VisualStudioVersion = 15.0.28010.2036
MinimumVisualStudioVersion = 10.0.40219.1
Project("{FAE04EC0-301F-11D3-BF4B-00C04F79EFBC}") = "PreliminaryforWaypointRadius", "PreliminaryforWaypointRadius\PreliminaryforWaypointRadius.csproj", "{9F4808D2-EE9E-4956-B6AC-7A5A5D903FFE}"
EndProject
Global
	GlobalSection(SolutionConfigurationPlatforms) = preSolution
		Debug|Any CPU = Debug|Any CPU
		Release|Any CPU = Release|Any CPU
	EndGlobalSection
	GlobalSection(ProjectConfigurationPlatforms) = postSolution
		{9F4808D2-EE9E-4956-B6AC-7A5A5D903FFE}.Debug|Any CPU.ActiveCfg = Debug|Any CPU
		{9F4808D2-EE9E-4956-B6AC-7A5A5D903FFE}.Debug|Any CPU.Build.0 = Debug|Any CPU
		{9F4808D2-EE9E-4956-B6AC-7A5A5D903FFE}.Release|Any CPU.ActiveCfg = Release|Any CPU
		{9F4808D2-EE9E-4956-B6AC-7A5A5D903FFE}.Release|Any CPU.Build.0 = Release|Any CPU
	EndGlobalSection
	GlobalSection(SolutionProperties) = preSolution
		HideSolutionNode = FALSE
	EndGlobalSection
	GlobalSection(ExtensibilityGlobals) = postSolution
		SolutionGuid = {E1CC84E1-E67A-41BF-8272-CFBBA57890FA}
	EndGlobalSection
EndGlobal
